
Microsoft Visual Studio Solution File, Format Version 12.00
# Visual Studio Version 16
VisualStudioVersion = 16.0.30002.166
MinimumVisualStudioVersion = 10.0.40219.1
Project("{FAE04EC0-301F-11D3-BF4B-00C04F79EFBC}") = "FINALPRO", "FINALPRO\FINALPRO.csproj", "{C9C0A468-2EDE-495C-95CE-9BF3F979D232}"
EndProject
Global
	GlobalSection(SolutionConfigurationPlatforms) = preSolution
		Debug|Any CPU = Debug|Any CPU
		Release|Any CPU = Release|Any CPU
	EndGlobalSection
	GlobalSection(ProjectConfigurationPlatforms) = postSolution
		{C9C0A468-2EDE-495C-95CE-9BF3F979D232}.Debug|Any CPU.ActiveCfg = Debug|Any CPU
		{C9C0A468-2EDE-495C-95CE-9BF3F979D232}.Debug|Any CPU.Build.0 = Debug|Any CPU
		{C9C0A468-2EDE-495C-95CE-9BF3F979D232}.Release|Any CPU.ActiveCfg = Release|Any CPU
		{C9C0A468-2EDE-495C-95CE-9BF3F979D232}.Release|Any CPU.Build.0 = Release|Any CPU
	EndGlobalSection
	GlobalSection(SolutionProperties) = preSolution
		HideSolutionNode = FALSE
	EndGlobalSection
	GlobalSection(ExtensibilityGlobals) = postSolution
		SolutionGuid = {87757A0F-BDCB-4835-84F5-F9086E0BD840}
	EndGlobalSection
EndGlobal
